
Microsoft Visual Studio Solution File, Format Version 12.00
# Visual Studio 15
Project("{FAE04EC0-301F-11D3-BF4B-00C04F79EFBC}") = "Assembly-CSharp", "Assembly-CSharp.csproj", "{D08E1D60-C02A-8768-8E7E-CACD5109CF24}"
EndProject
Project("{FAE04EC0-301F-11D3-BF4B-00C04F79EFBC}") = "Assembly-CSharp-Editor", "Assembly-CSharp-Editor.csproj", "{633DCE27-AF95-5CBC-AF62-E6129E7F8A85}"
EndProject
Global
	GlobalSection(SolutionConfigurationPlatforms) = preSolution
		Debug|Any CPU = Debug|Any CPU
		Release|Any CPU = Release|Any CPU
	EndGlobalSection
	GlobalSection(ProjectConfigurationPlatforms) = postSolution
		{D08E1D60-C02A-8768-8E7E-CACD5109CF24}.Debug|Any CPU.ActiveCfg = Debug|Any CPU
		{D08E1D60-C02A-8768-8E7E-CACD5109CF24}.Debug|Any CPU.Build.0 = Debug|Any CPU
		{D08E1D60-C02A-8768-8E7E-CACD5109CF24}.Release|Any CPU.ActiveCfg = Release|Any CPU
		{D08E1D60-C02A-8768-8E7E-CACD5109CF24}.Release|Any CPU.Build.0 = Release|Any CPU
		{633DCE27-AF95-5CBC-AF62-E6129E7F8A85}.Debug|Any CPU.ActiveCfg = Debug|Any CPU
		{633DCE27-AF95-5CBC-AF62-E6129E7F8A85}.Debug|Any CPU.Build.0 = Debug|Any CPU
		{633DCE27-AF95-5CBC-AF62-E6129E7F8A85}.Release|Any CPU.ActiveCfg = Release|Any CPU
		{633DCE27-AF95-5CBC-AF62-E6129E7F8A85}.Release|Any CPU.Build.0 = Release|Any CPU
	EndGlobalSection
	GlobalSection(SolutionProperties) = preSolution
		HideSolutionNode = FALSE
	EndGlobalSection
EndGlobal
